
Microsoft Visual Studio Solution File, Format Version 12.00
# Visual Studio 15
VisualStudioVersion = 15.0.28307.136
MinimumVisualStudioVersion = 10.0.40219.1
Project("{8BC9CEB8-8B4A-11D0-8D11-00A0C91BC942}") = "ProjectWin", "ProjectWin\ProjectWin.vcxproj", "{2078695F-4910-4228-9117-54EE97622347}"
EndProject
Global
	GlobalSection(SolutionConfigurationPlatforms) = preSolution
		Debug|x64 = Debug|x64
		Debug|x86 = Debug|x86
		Release|x64 = Release|x64
		Release|x86 = Release|x86
	EndGlobalSection
	GlobalSection(ProjectConfigurationPlatforms) = postSolution
		{2078695F-4910-4228-9117-54EE97622347}.Debug|x64.ActiveCfg = Debug|x64
		{2078695F-4910-4228-9117-54EE97622347}.Debug|x64.Build.0 = Debug|x64
		{2078695F-4910-4228-9117-54EE97622347}.Debug|x86.ActiveCfg = Debug|x64
		{2078695F-4910-4228-9117-54EE97622347}.Debug|x86.Build.0 = Debug|x64
		{2078695F-4910-4228-9117-54EE97622347}.Release|x64.ActiveCfg = Release|x64
		{2078695F-4910-4228-9117-54EE97622347}.Release|x64.Build.0 = Release|x64
		{2078695F-4910-4228-9117-54EE97622347}.Release|x86.ActiveCfg = Release|Win32
		{2078695F-4910-4228-9117-54EE97622347}.Release|x86.Build.0 = Release|Win32
	EndGlobalSection
	GlobalSection(SolutionProperties) = preSolution
		HideSolutionNode = FALSE
	EndGlobalSection
	GlobalSection(ExtensibilityGlobals) = postSolution
		SolutionGuid = {B6AD11AE-7BB9-4CBD-8ADB-5539C0A85BF1}
	EndGlobalSection
EndGlobal
